// !$*UTF8*$!
{
	archiveVersion = 1;
	classes = {
	};
	objectVersion = 50;
	objects = {

/* Begin PBXBuildFile section */
		13EBB7BC22DE44340092448C /* AppDelegate.swift in Sources */ = {isa = PBXBuildFile; fileRef = 13EBB7BB22DE44340092448C /* AppDelegate.swift */; };
		13EBB7BE22DE44340092448C /* ViewController.swift in Sources */ = {isa = PBXBuildFile; fileRef = 13EBB7BD22DE44340092448C /* ViewController.swift */; };
		13EBB7C122DE44340092448C /* Main.storyboard in Resources */ = {isa = PBXBuildFile; fileRef = 13EBB7BF22DE44340092448C /* Main.storyboard */; };
		13EBB7C322DE44360092448C /* Assets.xcassets in Resources */ = {isa = PBXBuildFile; fileRef = 13EBB7C222DE44360092448C /* Assets.xcassets */; };
		13EBB7C622DE44360092448C /* LaunchScreen.storyboard in Resources */ = {isa = PBXBuildFile; fileRef = 13EBB7C422DE44360092448C /* LaunchScreen.storyboard */; };
		13EBB7CE22DE7BE60092448C /* cgPoint.swift in Sources */ = {isa = PBXBuildFile; fileRef = 13EBB7CD22DE7BE60092448C /* cgPoint.swift */; };
		13EBB7D622DE98CE0092448C /* setupPixels.swift in Sources */ = {isa = PBXBuildFile; fileRef = 13EBB7D522DE98CE0092448C /* setupPixels.swift */; };
		13EBB7D822DE99BC0092448C /* RGBA32.swift in Sources */ = {isa = PBXBuildFile; fileRef = 13EBB7D722DE99BC0092448C /* RGBA32.swift */; };
		13EBB7DA22DE9B9E0092448C /* closePixel.swift in Sources */ = {isa = PBXBuildFile; fileRef = 13EBB7D922DE9B9E0092448C /* closePixel.swift */; };
		13EBB7DC22DE9BC50092448C /* putPixel.swift in Sources */ = {isa = PBXBuildFile; fileRef = 13EBB7DB22DE9BC50092448C /* putPixel.swift */; };
		13EBB7DE22DE9FD50092448C /* getPixel.swift in Sources */ = {isa = PBXBuildFile; fileRef = 13EBB7DD22DE9FD50092448C /* getPixel.swift */; };
		13EBB7E122DEA07C0092448C /* floodFill.swift in Sources */ = {isa = PBXBuildFile; fileRef = 13EBB7E022DEA07C0092448C /* floodFill.swift */; };
		13F86F2922E0E6E80006E1CD /* UIColor extension.swift in Sources */ = {isa = PBXBuildFile; fileRef = 13F86F2822E0E6E80006E1CD /* UIColor extension.swift */; };
/* End PBXBuildFile section */

/* Begin PBXFileReference section */
		13EBB7B822DE44340092448C /* CoreML Lab.app */ = {isa = PBXFileReference; explicitFileType = wrapper.application; includeInIndex = 0; path = "CoreML Lab.app"; sourceTree = BUILT_PRODUCTS_DIR; };
		13EBB7BB22DE44340092448C /* AppDelegate.swift */ = {isa = PBXFileReference; lastKnownFileType = sourcecode.swift; path = AppDelegate.swift; sourceTree = "<group>"; };
		13EBB7BD22DE44340092448C /* ViewController.swift */ = {isa = PBXFileReference; lastKnownFileType = sourcecode.swift; path = ViewController.swift; sourceTree = "<group>"; };
		13EBB7C022DE44340092448C /* Base */ = {isa = PBXFileReference; lastKnownFileType = file.storyboard; name = Base; path = Base.lproj/Main.storyboard; sourceTree = "<group>"; };
		13EBB7C222DE44360092448C /* Assets.xcassets */ = {isa = PBXFileReference; lastKnownFileType = folder.assetcatalog; path = Assets.xcassets; sourceTree = "<group>"; };
		13EBB7C522DE44360092448C /* Base */ = {isa = PBXFileReference; lastKnownFileType = file.storyboard; name = Base; path = Base.lproj/LaunchScreen.storyboard; sourceTree = "<group>"; };
		13EBB7C722DE44360092448C /* Info.plist */ = {isa = PBXFileReference; lastKnownFileType = text.plist.xml; path = Info.plist; sourceTree = "<group>"; };
		13EBB7CD22DE7BE60092448C /* cgPoint.swift */ = {isa = PBXFileReference; lastKnownFileType = sourcecode.swift; path = cgPoint.swift; sourceTree = "<group>"; };
		13EBB7D522DE98CE0092448C /* setupPixels.swift */ = {isa = PBXFileReference; lastKnownFileType = sourcecode.swift; path = setupPixels.swift; sourceTree = "<group>"; };
		13EBB7D722DE99BC0092448C /* RGBA32.swift */ = {isa = PBXFileReference; lastKnownFileType = sourcecode.swift; path = RGBA32.swift; sourceTree = "<group>"; };
		13EBB7D922DE9B9E0092448C /* closePixel.swift */ = {isa = PBXFileReference; lastKnownFileType = sourcecode.swift; path = closePixel.swift; sourceTree = "<group>"; };
		13EBB7DB22DE9BC50092448C /* putPixel.swift */ = {isa = PBXFileReference; lastKnownFileType = sourcecode.swift; path = putPixel.swift; sourceTree = "<group>"; };
		13EBB7DD22DE9FD50092448C /* getPixel.swift */ = {isa = PBXFileReference; lastKnownFileType = sourcecode.swift; path = getPixel.swift; sourceTree = "<group>"; };
		13EBB7E022DEA07C0092448C /* floodFill.swift */ = {isa = PBXFileReference; lastKnownFileType = sourcecode.swift; path = floodFill.swift; sourceTree = "<group>"; };
		13F86F2822E0E6E80006E1CD /* UIColor extension.swift */ = {isa = PBXFileReference; lastKnownFileType = sourcecode.swift; path = "UIColor extension.swift"; sourceTree = "<group>"; };
/* End PBXFileReference section */

/* Begin PBXFrameworksBuildPhase section */
		13EBB7B522DE44340092448C /* Frameworks */ = {
			isa = PBXFrameworksBuildPhase;
			buildActionMask = 2147483647;
			files = (
			);
			runOnlyForDeploymentPostprocessing = 0;
		};
/* End PBXFrameworksBuildPhase section */

/* Begin PBXGroup section */
		13EBB7AF22DE44330092448C = {
			isa = PBXGroup;
			children = (
				13EBB7E022DEA07C0092448C /* floodFill.swift */,
				13EBB7DF22DE9FEF0092448C /* Pixel Stuff */,
				13EBB7BA22DE44340092448C /* CoreML Lab */,
				13EBB7B922DE44340092448C /* Products */,
			);
			sourceTree = "<group>";
		};
		13EBB7B922DE44340092448C /* Products */ = {
			isa = PBXGroup;
			children = (
				13EBB7B822DE44340092448C /* CoreML Lab.app */,
			);
			name = Products;
			sourceTree = "<group>";
		};
		13EBB7BA22DE44340092448C /* CoreML Lab */ = {
			isa = PBXGroup;
			children = (
				13EBB7BB22DE44340092448C /* AppDelegate.swift */,
				13EBB7BD22DE44340092448C /* ViewController.swift */,
				13EBB7CD22DE7BE60092448C /* cgPoint.swift */,
				13F86F2822E0E6E80006E1CD /* UIColor extension.swift */,
				13EBB7C222DE44360092448C /* Assets.xcassets */,
				13EBB7BF22DE44340092448C /* Main.storyboard */,
				13EBB7C422DE44360092448C /* LaunchScreen.storyboard */,
				13EBB7C722DE44360092448C /* Info.plist */,
			);
			path = "CoreML Lab";
			sourceTree = "<group>";
		};
		13EBB7DF22DE9FEF0092448C /* Pixel Stuff */ = {
			isa = PBXGroup;
			children = (
				13EBB7D722DE99BC0092448C /* RGBA32.swift */,
				13EBB7D522DE98CE0092448C /* setupPixels.swift */,
				13EBB7DB22DE9BC50092448C /* putPixel.swift */,
				13EBB7DD22DE9FD50092448C /* getPixel.swift */,
				13EBB7D922DE9B9E0092448C /* closePixel.swift */,
			);
			path = "Pixel Stuff";
			sourceTree = "<group>";
		};
/* End PBXGroup section */

/* Begin PBXNativeTarget section */
		13EBB7B722DE44340092448C /* CoreML Lab */ = {
			isa = PBXNativeTarget;
			buildConfigurationList = 13EBB7CA22DE44360092448C /* Build configuration list for PBXNativeTarget "CoreML Lab" */;
			buildPhases = (
				13EBB7B422DE44340092448C /* Sources */,
				13EBB7B522DE44340092448C /* Frameworks */,
				13EBB7B622DE44340092448C /* Resources */,
			);
			buildRules = (
			);
			dependencies = (
			);
			name = "CoreML Lab";
			productName = "CoreML Lab";
			productReference = 13EBB7B822DE44340092448C /* CoreML Lab.app */;
			productType = "com.apple.product-type.application";
		};
/* End PBXNativeTarget section */

/* Begin PBXProject section */
		13EBB7B022DE44330092448C /* Project object */ = {
			isa = PBXProject;
			attributes = {
				LastSwiftUpdateCheck = 1020;
				LastUpgradeCheck = 1020;
				ORGANIZATIONNAME = "Chuck Deerinck";
				TargetAttributes = {
					13EBB7B722DE44340092448C = {
						CreatedOnToolsVersion = 10.2.1;
					};
				};
			};
			buildConfigurationList = 13EBB7B322DE44330092448C /* Build configuration list for PBXProject "CoreML Lab" */;
			compatibilityVersion = "Xcode 9.3";
			developmentRegion = en;
			hasScannedForEncodings = 0;
			knownRegions = (
				en,
				Base,
			);
			mainGroup = 13EBB7AF22DE44330092448C;
			productRefGroup = 13EBB7B922DE44340092448C /* Products */;
			projectDirPath = "";
			projectRoot = "";
			targets = (
				13EBB7B722DE44340092448C /* CoreML Lab */,
			);
		};
/* End PBXProject section */

/* Begin PBXResourcesBuildPhase section */
		13EBB7B622DE44340092448C /* Resources */ = {
			isa = PBXResourcesBuildPhase;
			buildActionMask = 2147483647;
			files = (
				13EBB7C622DE44360092448C /* LaunchScreen.storyboard in Resources */,
				13EBB7C322DE44360092448C /* Assets.xcassets in Resources */,
				13EBB7C122DE44340092448C /* Main.storyboard in Resources */,
			);
			runOnlyForDeploymentPostprocessing = 0;
		};
/* End PBXResourcesBuildPhase section */

/* Begin PBXSourcesBuildPhase section */
		13EBB7B422DE44340092448C /* Sources */ = {
			isa = PBXSourcesBuildPhase;
			buildActionMask = 2147483647;
			files = (
				13F86F2922E0E6E80006E1CD /* UIColor extension.swift in Sources */,
				13EBB7CE22DE7BE60092448C /* cgPoint.swift in Sources */,
				13EBB7D822DE99BC0092448C /* RGBA32.swift in Sources */,
				13EBB7BE22DE44340092448C /* ViewController.swift in Sources */,
				13EBB7DE22DE9FD50092448C /* getPixel.swift in Sources */,
				13EBB7DA22DE9B9E0092448C /* closePixel.swift in Sources */,
				13EBB7D622DE98CE0092448C /* setupPixels.swift in Sources */,
				13EBB7DC22DE9BC50092448C /* putPixel.swift in Sources */,
				13EBB7BC22DE44340092448C /* AppDelegate.swift in Sources */,
				13EBB7E122DEA07C0092448C /* floodFill.swift in Sources */,
			);
			runOnlyForDeploymentPostprocessing = 0;
		};
/* End PBXSourcesBuildPhase section */

/* Begin PBXVariantGroup section */
		13EBB7BF22DE44340092448C /* Main.storyboard */ = {
			isa = PBXVariantGroup;
			children = (
				13EBB7C022DE44340092448C /* Base */,
			);
			name = Main.storyboard;
			sourceTree = "<group>";
		};
		13EBB7C422DE44360092448C /* LaunchScreen.storyboard */ = {
			isa = PBXVariantGroup;
			children = (
				13EBB7C522DE44360092448C /* Base */,
			);
			name = LaunchScreen.storyboard;
			sourceTree = "<group>";
		};
/* End PBXVariantGroup section */

/* Begin XCBuildConfiguration section */
		13EBB7C822DE44360092448C /* Debug */ = {
			isa = XCBuildConfiguration;
			buildSettings = {
				ALWAYS_SEARCH_USER_PATHS = NO;
				CLANG_ANALYZER_NONNULL = YES;
				CLANG_ANALYZER_NUMBER_OBJECT_CONVERSION = YES_AGGRESSIVE;
				CLANG_CXX_LANGUAGE_STANDARD = "gnu++14";
				CLANG_CXX_LIBRARY = "libc++";
				CLANG_ENABLE_MODULES = YES;
				CLANG_ENABLE_OBJC_ARC = YES;
				CLANG_ENABLE_OBJC_WEAK = YES;
				CLANG_WARN_BLOCK_CAPTURE_AUTORELEASING = YES;
				CLANG_WARN_BOOL_CONVERSION = YES;
				CLANG_WARN_COMMA = YES;
				CLANG_WARN_CONSTANT_CONVERSION = YES;
				CLANG_WARN_DEPRECATED_OBJC_IMPLEMENTATIONS = YES;
				CLANG_WARN_DIRECT_OBJC_ISA_USAGE = YES_ERROR;
				CLANG_WARN_DOCUMENTATION_COMMENTS = YES;
				CLANG_WARN_EMPTY_BODY = YES;
				CLANG_WARN_ENUM_CONVERSION = YES;
				CLANG_WARN_INFINITE_RECURSION = YES;
				CLANG_WARN_INT_CONVERSION = YES;
				CLANG_WARN_NON_LITERAL_NULL_CONVERSION = YES;
				CLANG_WARN_OBJC_IMPLICIT_RETAIN_SELF = YES;
				CLANG_WARN_OBJC_LITERAL_CONVERSION = YES;
				CLANG_WARN_OBJC_ROOT_CLASS = YES_ERROR;
				CLANG_WARN_RANGE_LOOP_ANALYSIS = YES;
				CLANG_WARN_STRICT_PROTOTYPES = YES;
				CLANG_WARN_SUSPICIOUS_MOVE = YES;
				CLANG_WARN_UNGUARDED_AVAILABILITY = YES_AGGRESSIVE;
				CLANG_WARN_UNREACHABLE_CODE = YES;
				CLANG_WARN__DUPLICATE_METHOD_MATCH = YES;
				CODE_SIGN_IDENTITY = "iPhone Developer";
				COPY_PHASE_STRIP = NO;
				DEBUG_INFORMATION_FORMAT = dwarf;
				ENABLE_STRICT_OBJC_MSGSEND = YES;
				ENABLE_TESTABILITY = YES;
				GCC_C_LANGUAGE_STANDARD = gnu11;
				GCC_DYNAMIC_NO_PIC = NO;
				GCC_NO_COMMON_BLOCKS = YES;
				GCC_OPTIMIZATION_LEVEL = 0;
				GCC_PREPROCESSOR_DEFINITIONS = (
					"DEBUG=1",
					"$(inherited)",
				);
				GCC_WARN_64_TO_32_BIT_CONVERSION = YES;
				GCC_WARN_ABOUT_RETURN_TYPE = YES_ERROR;
				GCC_WARN_UNDECLARED_SELECTOR = YES;
				GCC_WARN_UNINITIALIZED_AUTOS = YES_AGGRESSIVE;
				GCC_WARN_UNUSED_FUNCTION = YES;
				GCC_WARN_UNUSED_VARIABLE = YES;
				IPHONEOS_DEPLOYMENT_TARGET = 12.2;
				MTL_ENABLE_DEBUG_INFO = INCLUDE_SOURCE;
				MTL_FAST_MATH = YES;
				ONLY_ACTIVE_ARCH = YES;
				SDKROOT = iphoneos;
				SWIFT_ACTIVE_COMPILATION_CONDITIONS = DEBUG;
				SWIFT_OPTIMIZATION_LEVEL = "-Onone";
				SWIFT_VERSION = 5.0;
			};
			name = Debug;
		};
		13EBB7C922DE44360092448C /* Release */ = {
			isa = XCBuildConfiguration;
			buildSettings = {
				ALWAYS_SEARCH_USER_PATHS = NO;
				CLANG_ANALYZER_NONNULL = YES;
				CLANG_ANALYZER_NUMBER_OBJECT_CONVERSION = YES_AGGRESSIVE;
				CLANG_CXX_LANGUAGE_STANDARD = "gnu++14";
				CLANG_CXX_LIBRARY = "libc++";
				CLANG_ENABLE_MODULES = YES;
				CLANG_ENABLE_OBJC_ARC = YES;
				CLANG_ENABLE_OBJC_WEAK = YES;
				CLANG_WARN_BLOCK_CAPTURE_AUTORELEASING = YES;
				CLANG_WARN_BOOL_CONVERSION = YES;
				CLANG_WARN_COMMA = YES;
				CLANG_WARN_CONSTANT_CONVERSION = YES;
				CLANG_WARN_DEPRECATED_OBJC_IMPLEMENTATIONS = YES;
				CLANG_WARN_DIRECT_OBJC_ISA_USAGE = YES_ERROR;
				CLANG_WARN_DOCUMENTATION_COMMENTS = YES;
				CLANG_WARN_EMPTY_BODY = YES;
				CLANG_WARN_ENUM_CONVERSION = YES;
				CLANG_WARN_INFINITE_RECURSION = YES;
				CLANG_WARN_INT_CONVERSION = YES;
				CLANG_WARN_NON_LITERAL_NULL_CONVERSION = YES;
				CLANG_WARN_OBJC_IMPLICIT_RETAIN_SELF = YES;
				CLANG_WARN_OBJC_LITERAL_CONVERSION = YES;
				CLANG_WARN_OBJC_ROOT_CLASS = YES_ERROR;
				CLANG_WARN_RANGE_LOOP_ANALYSIS = YES;
				CLANG_WARN_STRICT_PROTOTYPES = YES;
				CLANG_WARN_SUSPICIOUS_MOVE = YES;
				CLANG_WARN_UNGUARDED_AVAILABILITY = YES_AGGRESSIVE;
				CLANG_WARN_UNREACHABLE_CODE = YES;
				CLANG_WARN__DUPLICATE_METHOD_MATCH = YES;
				CODE_SIGN_IDENTITY = "iPhone Developer";
				COPY_PHASE_STRIP = NO;
				DEBUG_INFORMATION_FORMAT = "dwarf-with-dsym";
				ENABLE_NS_ASSERTIONS = NO;
				ENABLE_STRICT_OBJC_MSGSEND = YES;
				GCC_C_LANGUAGE_STANDARD = gnu11;
				GCC_NO_COMMON_BLOCKS = YES;
				GCC_WARN_64_TO_32_BIT_CONVERSION = YES;
				GCC_WARN_ABOUT_RETURN_TYPE = YES_ERROR;
				GCC_WARN_UNDECLARED_SELECTOR = YES;
				GCC_WARN_UNINITIALIZED_AUTOS = YES_AGGRESSIVE;
				GCC_WARN_UNUSED_FUNCTION = YES;
				GCC_WARN_UNUSED_VARIABLE = YES;
				IPHONEOS_DEPLOYMENT_TARGET = 12.2;
				MTL_ENABLE_DEBUG_INFO = NO;
				MTL_FAST_MATH = YES;
				SDKROOT = iphoneos;
				SWIFT_COMPILATION_MODE = wholemodule;
				SWIFT_OPTIMIZATION_LEVEL = "-O";
				SWIFT_VERSION = 5.0;
				VALIDATE_PRODUCT = YES;
			};
			name = Release;
		};
		13EBB7CB22DE44360092448C /* Debug */ = {
			isa = XCBuildConfiguration;
			buildSettings = {
				ASSETCATALOG_COMPILER_APPICON_NAME = AppIcon;
				CODE_SIGN_STYLE = Automatic;
				DEVELOPMENT_TEAM = C729AZWQM3;
				INFOPLIST_FILE = "CoreML Lab/Info.plist";
				LD_RUNPATH_SEARCH_PATHS = (
					"$(inherited)",
					"@executable_path/Frameworks",
				);
				PRODUCT_BUNDLE_IDENTIFIER = "com.cjd9.CoreML-Lab";
				PRODUCT_NAME = "$(TARGET_NAME)";
				SWIFT_VERSION = 5.0;
				TARGETED_DEVICE_FAMILY = "1,2";
			};
			name = Debug;
		};
		13EBB7CC22DE44360092448C /* Release */ = {
			isa = XCBuildConfiguration;
			buildSettings = {
				ASSETCATALOG_COMPILER_APPICON_NAME = AppIcon;
				CODE_SIGN_STYLE = Automatic;
				DEVELOPMENT_TEAM = C729AZWQM3;
				INFOPLIST_FILE = "CoreML Lab/Info.plist";
				LD_RUNPATH_SEARCH_PATHS = (
					"$(inherited)",
					"@executable_path/Frameworks",
				);
				PRODUCT_BUNDLE_IDENTIFIER = "com.cjd9.CoreML-Lab";
				PRODUCT_NAME = "$(TARGET_NAME)";
				SWIFT_VERSION = 5.0;
				TARGETED_DEVICE_FAMILY = "1,2";
			};
			name = Release;
		};
/* End XCBuildConfiguration section */

/* Begin XCConfigurationList section */
		13EBB7B322DE44330092448C /* Build configuration list for PBXProject "CoreML Lab" */ = {
			isa = XCConfigurationList;
			buildConfigurations = (
				13EBB7C822DE44360092448C /* Debug */,
				13EBB7C922DE44360092448C /* Release */,
			);
			defaultConfigurationIsVisible = 0;
			defaultConfigurationName = Release;
		};
		13EBB7CA22DE44360092448C /* Build configuration list for PBXNativeTarget "CoreML Lab" */ = {
			isa = XCConfigurationList;
			buildConfigurations = (
				13EBB7CB22DE44360092448C /* Debug */,
				13EBB7CC22DE44360092448C /* Release */,
			);
			defaultConfigurationIsVisible = 0;
			defaultConfigurationName = Release;
		};
/* End XCConfigurationList section */
	};
	rootObject = 13EBB7B022DE44330092448C /* Project object */;
}
